
Microsoft Visual Studio Solution File, Format Version 12.00
# Visual Studio 15
VisualStudioVersion = 15.0.28307.168
MinimumVisualStudioVersion = 10.0.40219.1
Project("{FAE04EC0-301F-11D3-BF4B-00C04F79EFBC}") = "SocialProjectServer", "SocialProjectServer\SocialProjectServer.csproj", "{5FCCDDC0-E99F-43B5-93C3-4BD9E3EBF1EB}"
EndProject
Global
	GlobalSection(SolutionConfigurationPlatforms) = preSolution
		Debug|Any CPU = Debug|Any CPU
		Release|Any CPU = Release|Any CPU
	EndGlobalSection
	GlobalSection(ProjectConfigurationPlatforms) = postSolution
		{5FCCDDC0-E99F-43B5-93C3-4BD9E3EBF1EB}.Debug|Any CPU.ActiveCfg = Debug|Any CPU
		{5FCCDDC0-E99F-43B5-93C3-4BD9E3EBF1EB}.Debug|Any CPU.Build.0 = Debug|Any CPU
		{5FCCDDC0-E99F-43B5-93C3-4BD9E3EBF1EB}.Release|Any CPU.ActiveCfg = Release|Any CPU
		{5FCCDDC0-E99F-43B5-93C3-4BD9E3EBF1EB}.Release|Any CPU.Build.0 = Release|Any CPU
	EndGlobalSection
	GlobalSection(SolutionProperties) = preSolution
		HideSolutionNode = FALSE
	EndGlobalSection
	GlobalSection(ExtensibilityGlobals) = postSolution
		SolutionGuid = {C9EDD570-9082-4EB4-BB49-645C2878875C}
	EndGlobalSection
EndGlobal
